{
  "version": 2,
  "dependencies": {
    "net10.0-windows10.0.19041": {
      "Microsoft.WindowsAppSDK.Widgets": {
        "type": "Direct",
        "requested": "[2.0.5, )",
        "resolved": "2.0.5",
        "contentHash": "lRz+8+QU65gV8hRzLVE+GRsPKZ42lnzqkmsw96HzQd/DuFYfr4JYpUU7ZZ5YrkV2EfQe4BCmoRKAeZ3WwalMcg==",
        "dependencies": {
          "Microsoft.WindowsAppSDK.Base": "2.0.3"
        }
      },
      "Microsoft.Windows.SDK.BuildTools": {
        "type": "Transitive",
        "resolved": "10.0.26100.4654",
        "contentHash": "2mgcOlj/t2RfSyyw+pVESfO+Tk1RkfQzto9Vrq42M1lUQIfQEwbi8QLha9GXWIOj+TFzeHIEJckIoF25mgiM8A=="
      },
      "Microsoft.Windows.SDK.BuildTools.MSIX": {
        "type": "Transitive",
        "resolved": "1.7.251221100",
        "contentHash": "f4aIZJ0NUth2403oxrpR+9rxVzZVI6dabqB21u8ncnk8eJAKCs9m77E4iYAnvP1YwrRe4axz3f8+yUcttNSfEA=="
      },
      "Microsoft.WindowsAppSDK.Base": {
        "type": "Transitive",
        "resolved": "2.0.3",
        "contentHash": "UZIO8/Vk2FKONlKNM8ZyFLhkSZcMZSzFDVmmzZOCnOBcvxNwWRW/+klUlTEI8tLpPVHJTQUsZE677GaYyDzrHw==",
        "dependencies": {
          "Microsoft.Windows.SDK.BuildTools": "10.0.26100.4654",
          "Microsoft.Windows.SDK.BuildTools.MSIX": "1.7.251221100"
        }
      },
      "aiusageviewer.application": {
        "type": "Project",
        "dependencies": {
          "AiUsageViewer.Core": "[0.3.0-beta.3, )"
        }
      },
      "aiusageviewer.core": {
        "type": "Project"
      }
    },
    "net10.0-windows10.0.19041/win-x64": {}
  }
}